
Microsoft Visual Studio Solution File, Format Version 12.00
# Visual Studio Version 17
VisualStudioVersion = 17.8.34408.163
MinimumVisualStudioVersion = 10.0.40219.1
Project("{FAE04EC0-301F-11D3-BF4B-00C04F79EFBC}") = "VotingSystem", "VotingSystem\VotingSystem.csproj", "{DFF78C36-0CCD-4096-AF10-3818BA30F595}"
EndProject
Global
	GlobalSection(SolutionConfigurationPlatforms) = preSolution
		Debug|Any CPU = Debug|Any CPU
		Release|Any CPU = Release|Any CPU
	EndGlobalSection
	GlobalSection(ProjectConfigurationPlatforms) = postSolution
		{DFF78C36-0CCD-4096-AF10-3818BA30F595}.Debug|Any CPU.ActiveCfg = Debug|Any CPU
		{DFF78C36-0CCD-4096-AF10-3818BA30F595}.Debug|Any CPU.Build.0 = Debug|Any CPU
		{DFF78C36-0CCD-4096-AF10-3818BA30F595}.Release|Any CPU.ActiveCfg = Release|Any CPU
		{DFF78C36-0CCD-4096-AF10-3818BA30F595}.Release|Any CPU.Build.0 = Release|Any CPU
	EndGlobalSection
	GlobalSection(SolutionProperties) = preSolution
		HideSolutionNode = FALSE
	EndGlobalSection
	GlobalSection(ExtensibilityGlobals) = postSolution
		SolutionGuid = {F9692CED-034F-4DC2-9ADB-870D7283C255}
	EndGlobalSection
EndGlobal
